
Microsoft Visual Studio Solution File, Format Version 12.00
# Visual Studio Version 16
VisualStudioVersion = 16.0.29411.108
MinimumVisualStudioVersion = 10.0.40219.1
Project("{9A19103F-16F7-4668-BE54-9A1E7A4F7556}") = "KLoveCoding.DAL", "KLoveCoding.DAL\KLoveCoding.DAL.csproj", "{841E1957-DC73-4C24-8D16-97DFC475DBEF}"
EndProject
Project("{9A19103F-16F7-4668-BE54-9A1E7A4F7556}") = "KLoveCoding.Service", "KLoveCoding.Service\KLoveCoding.Service.csproj", "{59BB84C7-923C-4FCB-8265-7A662024CEE1}"
EndProject
Project("{9A19103F-16F7-4668-BE54-9A1E7A4F7556}") = "KLoveCoding", "KLoveCoding\KLoveCoding.csproj", "{085E80D7-0743-4D3F-BF98-549305E9B0AA}"
EndProject
Global
	GlobalSection(SolutionConfigurationPlatforms) = preSolution
		Debug|Any CPU = Debug|Any CPU
		Release|Any CPU = Release|Any CPU
	EndGlobalSection
	GlobalSection(ProjectConfigurationPlatforms) = postSolution
		{841E1957-DC73-4C24-8D16-97DFC475DBEF}.Debug|Any CPU.ActiveCfg = Debug|Any CPU
		{841E1957-DC73-4C24-8D16-97DFC475DBEF}.Debug|Any CPU.Build.0 = Debug|Any CPU
		{841E1957-DC73-4C24-8D16-97DFC475DBEF}.Release|Any CPU.ActiveCfg = Release|Any CPU
		{841E1957-DC73-4C24-8D16-97DFC475DBEF}.Release|Any CPU.Build.0 = Release|Any CPU
		{59BB84C7-923C-4FCB-8265-7A662024CEE1}.Debug|Any CPU.ActiveCfg = Debug|Any CPU
		{59BB84C7-923C-4FCB-8265-7A662024CEE1}.Debug|Any CPU.Build.0 = Debug|Any CPU
		{59BB84C7-923C-4FCB-8265-7A662024CEE1}.Release|Any CPU.ActiveCfg = Release|Any CPU
		{59BB84C7-923C-4FCB-8265-7A662024CEE1}.Release|Any CPU.Build.0 = Release|Any CPU
		{085E80D7-0743-4D3F-BF98-549305E9B0AA}.Debug|Any CPU.ActiveCfg = Debug|Any CPU
		{085E80D7-0743-4D3F-BF98-549305E9B0AA}.Debug|Any CPU.Build.0 = Debug|Any CPU
		{085E80D7-0743-4D3F-BF98-549305E9B0AA}.Release|Any CPU.ActiveCfg = Release|Any CPU
		{085E80D7-0743-4D3F-BF98-549305E9B0AA}.Release|Any CPU.Build.0 = Release|Any CPU
	EndGlobalSection
	GlobalSection(SolutionProperties) = preSolution
		HideSolutionNode = FALSE
	EndGlobalSection
	GlobalSection(ExtensibilityGlobals) = postSolution
		SolutionGuid = {0FAB7B21-7150-4ABE-A7E2-74345157C32F}
	EndGlobalSection
EndGlobal
